
Microsoft Visual Studio Solution File, Format Version 12.00
# Visual Studio Version 16
VisualStudioVersion = 16.0.30523.141
MinimumVisualStudioVersion = 10.0.40219.1
Project("{FAE04EC0-301F-11D3-BF4B-00C04F79EFBC}") = "BlazorApp_Todo", "BlazorApp_Todo.csproj", "{49F98F7F-FE2B-4AA5-B9A2-C757F4253BBE}"
EndProject
Global
	GlobalSection(SolutionConfigurationPlatforms) = preSolution
		Debug|Any CPU = Debug|Any CPU
		Release|Any CPU = Release|Any CPU
	EndGlobalSection
	GlobalSection(ProjectConfigurationPlatforms) = postSolution
		{49F98F7F-FE2B-4AA5-B9A2-C757F4253BBE}.Debug|Any CPU.ActiveCfg = Debug|Any CPU
		{49F98F7F-FE2B-4AA5-B9A2-C757F4253BBE}.Debug|Any CPU.Build.0 = Debug|Any CPU
		{49F98F7F-FE2B-4AA5-B9A2-C757F4253BBE}.Release|Any CPU.ActiveCfg = Release|Any CPU
		{49F98F7F-FE2B-4AA5-B9A2-C757F4253BBE}.Release|Any CPU.Build.0 = Release|Any CPU
	EndGlobalSection
	GlobalSection(SolutionProperties) = preSolution
		HideSolutionNode = FALSE
	EndGlobalSection
	GlobalSection(ExtensibilityGlobals) = postSolution
		SolutionGuid = {156EDA19-D46E-401C-91C7-037E2AFAAB37}
	EndGlobalSection
EndGlobal
